
Microsoft Visual Studio Solution File, Format Version 12.00
Project("{FAE04EC0-301F-11D3-BF4B-00C04F79EFBC}") = "DiverDestroyers", "DiverDestroyers\DiverDestroyers.csproj", "{AA2E69BE-78AE-4F49-A645-62DD6FEE1DA4}"
EndProject
Global
	GlobalSection(SolutionConfigurationPlatforms) = preSolution
		Debug|Any CPU = Debug|Any CPU
		Release|Any CPU = Release|Any CPU
	EndGlobalSection
	GlobalSection(ProjectConfigurationPlatforms) = postSolution
		{AA2E69BE-78AE-4F49-A645-62DD6FEE1DA4}.Debug|Any CPU.ActiveCfg = Debug|Any CPU
		{AA2E69BE-78AE-4F49-A645-62DD6FEE1DA4}.Debug|Any CPU.Build.0 = Debug|Any CPU
		{AA2E69BE-78AE-4F49-A645-62DD6FEE1DA4}.Release|Any CPU.ActiveCfg = Release|Any CPU
		{AA2E69BE-78AE-4F49-A645-62DD6FEE1DA4}.Release|Any CPU.Build.0 = Release|Any CPU
	EndGlobalSection
EndGlobal
